
Microsoft Visual Studio Solution File, Format Version 12.00
# Visual Studio Version 16
VisualStudioVersion = 16.0.30621.155
MinimumVisualStudioVersion = 10.0.40219.1
Project("{FAE04EC0-301F-11D3-BF4B-00C04F79EFBC}") = "apiEmpresa", "apiEmpresa.csproj", "{822292FC-23A3-4BE4-AD2C-17521D898779}"
EndProject
Global
	GlobalSection(SolutionConfigurationPlatforms) = preSolution
		Debug|Any CPU = Debug|Any CPU
		Release|Any CPU = Release|Any CPU
	EndGlobalSection
	GlobalSection(ProjectConfigurationPlatforms) = postSolution
		{822292FC-23A3-4BE4-AD2C-17521D898779}.Debug|Any CPU.ActiveCfg = Debug|Any CPU
		{822292FC-23A3-4BE4-AD2C-17521D898779}.Debug|Any CPU.Build.0 = Debug|Any CPU
		{822292FC-23A3-4BE4-AD2C-17521D898779}.Release|Any CPU.ActiveCfg = Release|Any CPU
		{822292FC-23A3-4BE4-AD2C-17521D898779}.Release|Any CPU.Build.0 = Release|Any CPU
	EndGlobalSection
	GlobalSection(SolutionProperties) = preSolution
		HideSolutionNode = FALSE
	EndGlobalSection
	GlobalSection(ExtensibilityGlobals) = postSolution
		SolutionGuid = {CCED9DA8-8A24-4061-9EB4-C1839FB21744}
	EndGlobalSection
EndGlobal
